
Microsoft Visual Studio Solution File, Format Version 12.00
# Visual Studio 15
VisualStudioVersion = 15.0.27428.2037
MinimumVisualStudioVersion = 10.0.40219.1
Project("{FAE04EC0-301F-11D3-BF4B-00C04F79EFBC}") = "MainProgram", "MainProgram\MainProgram.csproj", "{EA2AE819-EB04-48B4-A7D2-7BF9D9F8BEC8}"
EndProject
Global
	GlobalSection(SolutionConfigurationPlatforms) = preSolution
		Debug|Any CPU = Debug|Any CPU
		Release|Any CPU = Release|Any CPU
	EndGlobalSection
	GlobalSection(ProjectConfigurationPlatforms) = postSolution
		{EA2AE819-EB04-48B4-A7D2-7BF9D9F8BEC8}.Debug|Any CPU.ActiveCfg = Debug|Any CPU
		{EA2AE819-EB04-48B4-A7D2-7BF9D9F8BEC8}.Debug|Any CPU.Build.0 = Debug|Any CPU
		{EA2AE819-EB04-48B4-A7D2-7BF9D9F8BEC8}.Release|Any CPU.ActiveCfg = Release|Any CPU
		{EA2AE819-EB04-48B4-A7D2-7BF9D9F8BEC8}.Release|Any CPU.Build.0 = Release|Any CPU
	EndGlobalSection
	GlobalSection(SolutionProperties) = preSolution
		HideSolutionNode = FALSE
	EndGlobalSection
	GlobalSection(ExtensibilityGlobals) = postSolution
		SolutionGuid = {E8DEA3FF-817A-45E2-96AF-538BBCA7B4CA}
	EndGlobalSection
EndGlobal
